
Microsoft Visual Studio Solution File, Format Version 12.00
# Visual Studio 15
VisualStudioVersion = 15.0.28307.136
MinimumVisualStudioVersion = 10.0.40219.1
Project("{FAE04EC0-301F-11D3-BF4B-00C04F79EFBC}") = "Cafe", "Cafe\Cafe.csproj", "{E37ADEA3-70CD-4D5F-85D1-699AE3D2383F}"
EndProject
Global
	GlobalSection(SolutionConfigurationPlatforms) = preSolution
		Debug|Any CPU = Debug|Any CPU
		Release|Any CPU = Release|Any CPU
	EndGlobalSection
	GlobalSection(ProjectConfigurationPlatforms) = postSolution
		{E37ADEA3-70CD-4D5F-85D1-699AE3D2383F}.Debug|Any CPU.ActiveCfg = Debug|Any CPU
		{E37ADEA3-70CD-4D5F-85D1-699AE3D2383F}.Debug|Any CPU.Build.0 = Debug|Any CPU
		{E37ADEA3-70CD-4D5F-85D1-699AE3D2383F}.Release|Any CPU.ActiveCfg = Release|Any CPU
		{E37ADEA3-70CD-4D5F-85D1-699AE3D2383F}.Release|Any CPU.Build.0 = Release|Any CPU
	EndGlobalSection
	GlobalSection(SolutionProperties) = preSolution
		HideSolutionNode = FALSE
	EndGlobalSection
	GlobalSection(ExtensibilityGlobals) = postSolution
		SolutionGuid = {24AA8A02-071A-49BA-9475-4BB2C71604D5}
	EndGlobalSection
EndGlobal
